
Microsoft Visual Studio Solution File, Format Version 12.00
# Visual Studio Version 17
VisualStudioVersion = 17.0.31903.59
MinimumVisualStudioVersion = 10.0.40219.1
Project("{9A19103F-16F7-4668-BE54-9A1E7A4F7556}") = "Ecommerce.Domain", "src\Core\Ecommerce.Domain\Ecommerce.Domain\Ecommerce.Domain.csproj", "{1761C1D3-44FB-4CA1-9722-5779E92A3DD8}"
EndProject
Project("{9A19103F-16F7-4668-BE54-9A1E7A4F7556}") = "Ecommerce.Application", "src\Core\Ecommerce.Application\Ecommerce.Application\Ecommerce.Application.csproj", "{E0702AF8-D044-407F-ABE9-E258E03AEE0C}"
	ProjectSection(ProjectDependencies) = postProject
		{1761C1D3-44FB-4CA1-9722-5779E92A3DD8} = {1761C1D3-44FB-4CA1-9722-5779E92A3DD8}
	EndProjectSection
EndProject
Project("{9A19103F-16F7-4668-BE54-9A1E7A4F7556}") = "Ecommerce.Api", "src\Api\Ecommerce.Api\Ecommerce.Api.csproj", "{59348839-450A-4B27-A72D-4CF72B09145F}"
	ProjectSection(ProjectDependencies) = postProject
		{ACE3E1A8-4670-4835-91B8-26B766CEDAB3} = {ACE3E1A8-4670-4835-91B8-26B766CEDAB3}
		{E0702AF8-D044-407F-ABE9-E258E03AEE0C} = {E0702AF8-D044-407F-ABE9-E258E03AEE0C}
	EndProjectSection
EndProject
Project("{9A19103F-16F7-4668-BE54-9A1E7A4F7556}") = "Ecommerce.Infrastructure", "src\Infrastructure\Ecommerce.Infrastructure\Ecommerce.Infrastructure.csproj", "{ACE3E1A8-4670-4835-91B8-26B766CEDAB3}"
	ProjectSection(ProjectDependencies) = postProject
		{1761C1D3-44FB-4CA1-9722-5779E92A3DD8} = {1761C1D3-44FB-4CA1-9722-5779E92A3DD8}
		{E0702AF8-D044-407F-ABE9-E258E03AEE0C} = {E0702AF8-D044-407F-ABE9-E258E03AEE0C}
	EndProjectSection
EndProject
Global
	GlobalSection(SolutionConfigurationPlatforms) = preSolution
		Debug|Any CPU = Debug|Any CPU
		Release|Any CPU = Release|Any CPU
	EndGlobalSection
	GlobalSection(ProjectConfigurationPlatforms) = postSolution
		{1761C1D3-44FB-4CA1-9722-5779E92A3DD8}.Debug|Any CPU.ActiveCfg = Debug|Any CPU
		{1761C1D3-44FB-4CA1-9722-5779E92A3DD8}.Debug|Any CPU.Build.0 = Debug|Any CPU
		{1761C1D3-44FB-4CA1-9722-5779E92A3DD8}.Release|Any CPU.ActiveCfg = Release|Any CPU
		{1761C1D3-44FB-4CA1-9722-5779E92A3DD8}.Release|Any CPU.Build.0 = Release|Any CPU
		{E0702AF8-D044-407F-ABE9-E258E03AEE0C}.Debug|Any CPU.ActiveCfg = Debug|Any CPU
		{E0702AF8-D044-407F-ABE9-E258E03AEE0C}.Debug|Any CPU.Build.0 = Debug|Any CPU
		{E0702AF8-D044-407F-ABE9-E258E03AEE0C}.Release|Any CPU.ActiveCfg = Release|Any CPU
		{E0702AF8-D044-407F-ABE9-E258E03AEE0C}.Release|Any CPU.Build.0 = Release|Any CPU
		{59348839-450A-4B27-A72D-4CF72B09145F}.Debug|Any CPU.ActiveCfg = Debug|Any CPU
		{59348839-450A-4B27-A72D-4CF72B09145F}.Debug|Any CPU.Build.0 = Debug|Any CPU
		{59348839-450A-4B27-A72D-4CF72B09145F}.Release|Any CPU.ActiveCfg = Release|Any CPU
		{59348839-450A-4B27-A72D-4CF72B09145F}.Release|Any CPU.Build.0 = Release|Any CPU
		{ACE3E1A8-4670-4835-91B8-26B766CEDAB3}.Debug|Any CPU.ActiveCfg = Debug|Any CPU
		{ACE3E1A8-4670-4835-91B8-26B766CEDAB3}.Debug|Any CPU.Build.0 = Debug|Any CPU
		{ACE3E1A8-4670-4835-91B8-26B766CEDAB3}.Release|Any CPU.ActiveCfg = Release|Any CPU
		{ACE3E1A8-4670-4835-91B8-26B766CEDAB3}.Release|Any CPU.Build.0 = Release|Any CPU
	EndGlobalSection
	GlobalSection(SolutionProperties) = preSolution
		HideSolutionNode = FALSE
	EndGlobalSection
	GlobalSection(ExtensibilityGlobals) = postSolution
		SolutionGuid = {7EC0D5D3-0DB7-49D6-969E-C5496DD2E740}
	EndGlobalSection
EndGlobal
